
Microsoft Visual Studio Solution File, Format Version 12.00
# Visual Studio Version 17
VisualStudioVersion = 17.11.35303.130
MinimumVisualStudioVersion = 10.0.40219.1
Project("{2150E333-8FDC-42A3-9474-1A3956D46DE8}") = "Solution Items", "Solution Items", "{C6C3FCAE-1983-48F2-B7D7-733E7FC8EA8F}"
	ProjectSection(SolutionItems) = preProject
		docker-compose.yml = docker-compose.yml
	EndProjectSection
EndProject
Project("{9A19103F-16F7-4668-BE54-9A1E7A4F7556}") = "DMS_REST_API", "DMS_REST_API\DMS_REST_API.csproj", "{02B8EB68-387F-460B-8894-1CCB7D5C47A1}"
	ProjectSection(ProjectDependencies) = postProject
		{15843215-6FCB-430C-88A3-E4B4940965ED} = {15843215-6FCB-430C-88A3-E4B4940965ED}
	EndProjectSection
EndProject
Project("{E53339B2-1760-4266-BCC7-CA923CBCF16C}") = "docker-compose", "docker-compose.dcproj", "{51CCFA7C-25BF-449D-BE48-9B24B6FF5157}"
EndProject
Project("{9A19103F-16F7-4668-BE54-9A1E7A4F7556}") = "DMS_WebUI", "DMS_WebUI\DMS_WebUI.csproj", "{FC5F9600-4C02-44DB-9203-0E0A5725F554}"
EndProject
Project("{9A19103F-16F7-4668-BE54-9A1E7A4F7556}") = "DMS_DAL", "DMS_DAL\DMS_DAL.csproj", "{15843215-6FCB-430C-88A3-E4B4940965ED}"
EndProject
Project("{9A19103F-16F7-4668-BE54-9A1E7A4F7556}") = "DMS_Tests", "..\DMS_Tests\DMS_Tests.csproj", "{882225D0-2979-4E32-85BF-535E37854FED}"
EndProject
Project("{FAE04EC0-301F-11D3-BF4B-00C04F79EFBC}") = "DMS_OCRWorker", "..\DMS_OCRWorker\DMS_OCRWorker.csproj", "{BA46351F-6DB7-415A-B1CC-3683104CC926}"
EndProject
Global
	GlobalSection(SolutionConfigurationPlatforms) = preSolution
		Debug|Any CPU = Debug|Any CPU
		Release|Any CPU = Release|Any CPU
	EndGlobalSection
	GlobalSection(ProjectConfigurationPlatforms) = postSolution
		{02B8EB68-387F-460B-8894-1CCB7D5C47A1}.Debug|Any CPU.ActiveCfg = Debug|Any CPU
		{02B8EB68-387F-460B-8894-1CCB7D5C47A1}.Debug|Any CPU.Build.0 = Debug|Any CPU
		{02B8EB68-387F-460B-8894-1CCB7D5C47A1}.Release|Any CPU.ActiveCfg = Release|Any CPU
		{02B8EB68-387F-460B-8894-1CCB7D5C47A1}.Release|Any CPU.Build.0 = Release|Any CPU
		{51CCFA7C-25BF-449D-BE48-9B24B6FF5157}.Debug|Any CPU.ActiveCfg = Debug|Any CPU
		{51CCFA7C-25BF-449D-BE48-9B24B6FF5157}.Debug|Any CPU.Build.0 = Debug|Any CPU
		{51CCFA7C-25BF-449D-BE48-9B24B6FF5157}.Release|Any CPU.ActiveCfg = Release|Any CPU
		{51CCFA7C-25BF-449D-BE48-9B24B6FF5157}.Release|Any CPU.Build.0 = Release|Any CPU
		{FC5F9600-4C02-44DB-9203-0E0A5725F554}.Debug|Any CPU.ActiveCfg = Debug|Any CPU
		{FC5F9600-4C02-44DB-9203-0E0A5725F554}.Debug|Any CPU.Build.0 = Debug|Any CPU
		{FC5F9600-4C02-44DB-9203-0E0A5725F554}.Release|Any CPU.ActiveCfg = Release|Any CPU
		{FC5F9600-4C02-44DB-9203-0E0A5725F554}.Release|Any CPU.Build.0 = Release|Any CPU
		{15843215-6FCB-430C-88A3-E4B4940965ED}.Debug|Any CPU.ActiveCfg = Debug|Any CPU
		{15843215-6FCB-430C-88A3-E4B4940965ED}.Debug|Any CPU.Build.0 = Debug|Any CPU
		{15843215-6FCB-430C-88A3-E4B4940965ED}.Release|Any CPU.ActiveCfg = Release|Any CPU
		{15843215-6FCB-430C-88A3-E4B4940965ED}.Release|Any CPU.Build.0 = Release|Any CPU
		{882225D0-2979-4E32-85BF-535E37854FED}.Debug|Any CPU.ActiveCfg = Debug|Any CPU
		{882225D0-2979-4E32-85BF-535E37854FED}.Debug|Any CPU.Build.0 = Debug|Any CPU
		{882225D0-2979-4E32-85BF-535E37854FED}.Release|Any CPU.ActiveCfg = Release|Any CPU
		{882225D0-2979-4E32-85BF-535E37854FED}.Release|Any CPU.Build.0 = Release|Any CPU
		{BA46351F-6DB7-415A-B1CC-3683104CC926}.Debug|Any CPU.ActiveCfg = Debug|Any CPU
		{BA46351F-6DB7-415A-B1CC-3683104CC926}.Debug|Any CPU.Build.0 = Debug|Any CPU
		{BA46351F-6DB7-415A-B1CC-3683104CC926}.Release|Any CPU.ActiveCfg = Release|Any CPU
		{BA46351F-6DB7-415A-B1CC-3683104CC926}.Release|Any CPU.Build.0 = Release|Any CPU
	EndGlobalSection
	GlobalSection(SolutionProperties) = preSolution
		HideSolutionNode = FALSE
	EndGlobalSection
	GlobalSection(NestedProjects) = preSolution
		{BA46351F-6DB7-415A-B1CC-3683104CC926} = {C6C3FCAE-1983-48F2-B7D7-733E7FC8EA8F}
	EndGlobalSection
	GlobalSection(ExtensibilityGlobals) = postSolution
		SolutionGuid = {BA6BA8DE-A05D-4189-9653-76C7DBDBAEA6}
	EndGlobalSection
EndGlobal
